
Microsoft Visual Studio Solution File, Format Version 12.00
# Visual Studio Version 16
VisualStudioVersion = 16.0.30011.22
MinimumVisualStudioVersion = 10.0.40219.1
Project("{FAE04EC0-301F-11D3-BF4B-00C04F79EFBC}") = "PROG6221_ICE2_19014225(NEW)", "PROG6221_ICE2_19014225(NEW).csproj", "{8E728F16-52D1-45CB-A5F3-FF5106E44EB5}"
EndProject
Global
	GlobalSection(SolutionConfigurationPlatforms) = preSolution
		Debug|Any CPU = Debug|Any CPU
		Release|Any CPU = Release|Any CPU
	EndGlobalSection
	GlobalSection(ProjectConfigurationPlatforms) = postSolution
		{8E728F16-52D1-45CB-A5F3-FF5106E44EB5}.Debug|Any CPU.ActiveCfg = Debug|Any CPU
		{8E728F16-52D1-45CB-A5F3-FF5106E44EB5}.Debug|Any CPU.Build.0 = Debug|Any CPU
		{8E728F16-52D1-45CB-A5F3-FF5106E44EB5}.Release|Any CPU.ActiveCfg = Release|Any CPU
		{8E728F16-52D1-45CB-A5F3-FF5106E44EB5}.Release|Any CPU.Build.0 = Release|Any CPU
	EndGlobalSection
	GlobalSection(SolutionProperties) = preSolution
		HideSolutionNode = FALSE
	EndGlobalSection
	GlobalSection(ExtensibilityGlobals) = postSolution
		SolutionGuid = {06F47AE5-6038-4173-B802-8FB267815AF7}
	EndGlobalSection
EndGlobal
